
Microsoft Visual Studio Solution File, Format Version 12.00
# Visual Studio Version 17
VisualStudioVersion = 17.7.34202.233
MinimumVisualStudioVersion = 10.0.40219.1
Project("{FAE04EC0-301F-11D3-BF4B-00C04F79EFBC}") = "CaducaRestGit", "CaducaRestGit.csproj", "{385E6961-4F67-4CE6-A302-2A74002C1042}"
EndProject
Global
	GlobalSection(SolutionConfigurationPlatforms) = preSolution
		Debug|Any CPU = Debug|Any CPU
		Release|Any CPU = Release|Any CPU
	EndGlobalSection
	GlobalSection(ProjectConfigurationPlatforms) = postSolution
		{385E6961-4F67-4CE6-A302-2A74002C1042}.Debug|Any CPU.ActiveCfg = Debug|Any CPU
		{385E6961-4F67-4CE6-A302-2A74002C1042}.Debug|Any CPU.Build.0 = Debug|Any CPU
		{385E6961-4F67-4CE6-A302-2A74002C1042}.Release|Any CPU.ActiveCfg = Release|Any CPU
		{385E6961-4F67-4CE6-A302-2A74002C1042}.Release|Any CPU.Build.0 = Release|Any CPU
	EndGlobalSection
	GlobalSection(SolutionProperties) = preSolution
		HideSolutionNode = FALSE
	EndGlobalSection
	GlobalSection(ExtensibilityGlobals) = postSolution
		SolutionGuid = {87724E74-55E2-4E3F-9516-5E5C3C9606C8}
	EndGlobalSection
EndGlobal
